
Microsoft Visual Studio Solution File, Format Version 12.00
# Visual Studio Version 17
VisualStudioVersion = 17.6.33829.357
MinimumVisualStudioVersion = 10.0.40219.1
Project("{FAE04EC0-301F-11D3-BF4B-00C04F79EFBC}") = "CRUD_SQLSERVER", "CRUD_SQLSERVER\CRUD_SQLSERVER.csproj", "{59D1EA10-15C4-4F8C-BAC3-B2D811DE41C1}"
EndProject
Global
	GlobalSection(SolutionConfigurationPlatforms) = preSolution
		Debug|Any CPU = Debug|Any CPU
		Release|Any CPU = Release|Any CPU
	EndGlobalSection
	GlobalSection(ProjectConfigurationPlatforms) = postSolution
		{59D1EA10-15C4-4F8C-BAC3-B2D811DE41C1}.Debug|Any CPU.ActiveCfg = Debug|Any CPU
		{59D1EA10-15C4-4F8C-BAC3-B2D811DE41C1}.Debug|Any CPU.Build.0 = Debug|Any CPU
		{59D1EA10-15C4-4F8C-BAC3-B2D811DE41C1}.Release|Any CPU.ActiveCfg = Release|Any CPU
		{59D1EA10-15C4-4F8C-BAC3-B2D811DE41C1}.Release|Any CPU.Build.0 = Release|Any CPU
	EndGlobalSection
	GlobalSection(SolutionProperties) = preSolution
		HideSolutionNode = FALSE
	EndGlobalSection
	GlobalSection(ExtensibilityGlobals) = postSolution
		SolutionGuid = {21029EF1-4D1A-41F6-B47C-3A36B3C41653}
	EndGlobalSection
EndGlobal
